# This file is automatically @generated by Cargo.
# It is not intended for manual editing.
version = 4

[[package]]
name = "lorelei-cli"
version = "0.1.0"

[[package]]
name = "lorelei-core"
version = "0.1.0"

[[package]]
name = "lorelei-echo"
version = "0.1.0"

[[package]]
name = "lorelei-eval"
version = "0.1.0"

[[package]]
name = "lorelei-harbor"
version = "0.1.0"

[[package]]
name = "lorelei-lore"
version = "0.1.0"

[[package]]
name = "lorelei-shells"
version = "0.1.0"

[[package]]
name = "lorelei-siren"
version = "0.1.0"

[[package]]
name = "lorelei-song"
version = "0.1.0"

[[package]]
name = "lorelei-tide"
version = "0.1.0"
